
Microsoft Visual Studio Solution File, Format Version 12.00
# Visual Studio Version 16
VisualStudioVersion = 16.0.29709.97
MinimumVisualStudioVersion = 10.0.40219.1
Project("{FAE04EC0-301F-11D3-BF4B-00C04F79EFBC}") = "CompositePattern", "CompositePattern\CompositePattern.csproj", "{586C5EED-0441-4CCC-AD61-6958B4533839}"
EndProject
Project("{FAE04EC0-301F-11D3-BF4B-00C04F79EFBC}") = "DecoratorPattern", "DecoratorPattern\DecoratorPattern.csproj", "{99C035FC-7894-4A3E-912E-D9A101FAF066}"
EndProject
Global
	GlobalSection(SolutionConfigurationPlatforms) = preSolution
		Debug|Any CPU = Debug|Any CPU
		Release|Any CPU = Release|Any CPU
	EndGlobalSection
	GlobalSection(ProjectConfigurationPlatforms) = postSolution
		{586C5EED-0441-4CCC-AD61-6958B4533839}.Debug|Any CPU.ActiveCfg = Debug|Any CPU
		{586C5EED-0441-4CCC-AD61-6958B4533839}.Debug|Any CPU.Build.0 = Debug|Any CPU
		{586C5EED-0441-4CCC-AD61-6958B4533839}.Release|Any CPU.ActiveCfg = Release|Any CPU
		{586C5EED-0441-4CCC-AD61-6958B4533839}.Release|Any CPU.Build.0 = Release|Any CPU
		{99C035FC-7894-4A3E-912E-D9A101FAF066}.Debug|Any CPU.ActiveCfg = Debug|Any CPU
		{99C035FC-7894-4A3E-912E-D9A101FAF066}.Debug|Any CPU.Build.0 = Debug|Any CPU
		{99C035FC-7894-4A3E-912E-D9A101FAF066}.Release|Any CPU.ActiveCfg = Release|Any CPU
		{99C035FC-7894-4A3E-912E-D9A101FAF066}.Release|Any CPU.Build.0 = Release|Any CPU
	EndGlobalSection
	GlobalSection(SolutionProperties) = preSolution
		HideSolutionNode = FALSE
	EndGlobalSection
	GlobalSection(ExtensibilityGlobals) = postSolution
		SolutionGuid = {2BC2F0FE-48ED-400B-AF9C-251BFED529AA}
	EndGlobalSection
EndGlobal
